{
  "requires": true,
  "lockfileVersion": 1,
  "dependencies": {
    "react-moment-countdown": {
      "version": "0.3.0",
      "resolved": "https://registry.npmjs.org/react-moment-countdown/-/react-moment-countdown-0.3.0.tgz",
      "integrity": "sha512-ETxeM1lviQ5R4j3PGY/fWw42RKIS37HC6VZLu5uwDtEbSDi9DsOrsDf4tjp09xtoegK4J2cM/ZiOB88fE3/JIA=="
    }
  }
}
